
Microsoft Visual Studio Solution File, Format Version 12.00
# Visual Studio Version 17
VisualStudioVersion = 17.8.34309.116
MinimumVisualStudioVersion = 10.0.40219.1
Project("{9A19103F-16F7-4668-BE54-9A1E7A4F7556}") = "WordsFinder", "WordsFinder\WordsFinder.csproj", "{3EB199AC-574B-476D-BC7B-11C61CBB4745}"
EndProject
Project("{9A19103F-16F7-4668-BE54-9A1E7A4F7556}") = "WordsFinder.Tests", "WordsFinder.Tests\WordsFinder.Tests.csproj", "{DD938773-47CA-43CA-9B66-0299E1B14B38}"
EndProject
Project("{FAE04EC0-301F-11D3-BF4B-00C04F79EFBC}") = "WordsFinder.Console", "WordsFinder.Console\WordsFinder.Console.csproj", "{187016BB-A79D-4636-951B-46A4EB2D3689}"
EndProject
Global
	GlobalSection(SolutionConfigurationPlatforms) = preSolution
		Debug|Any CPU = Debug|Any CPU
		Release|Any CPU = Release|Any CPU
	EndGlobalSection
	GlobalSection(ProjectConfigurationPlatforms) = postSolution
		{3EB199AC-574B-476D-BC7B-11C61CBB4745}.Debug|Any CPU.ActiveCfg = Debug|Any CPU
		{3EB199AC-574B-476D-BC7B-11C61CBB4745}.Debug|Any CPU.Build.0 = Debug|Any CPU
		{3EB199AC-574B-476D-BC7B-11C61CBB4745}.Release|Any CPU.ActiveCfg = Release|Any CPU
		{3EB199AC-574B-476D-BC7B-11C61CBB4745}.Release|Any CPU.Build.0 = Release|Any CPU
		{DD938773-47CA-43CA-9B66-0299E1B14B38}.Debug|Any CPU.ActiveCfg = Debug|Any CPU
		{DD938773-47CA-43CA-9B66-0299E1B14B38}.Debug|Any CPU.Build.0 = Debug|Any CPU
		{DD938773-47CA-43CA-9B66-0299E1B14B38}.Release|Any CPU.ActiveCfg = Release|Any CPU
		{DD938773-47CA-43CA-9B66-0299E1B14B38}.Release|Any CPU.Build.0 = Release|Any CPU
		{187016BB-A79D-4636-951B-46A4EB2D3689}.Debug|Any CPU.ActiveCfg = Debug|Any CPU
		{187016BB-A79D-4636-951B-46A4EB2D3689}.Debug|Any CPU.Build.0 = Debug|Any CPU
		{187016BB-A79D-4636-951B-46A4EB2D3689}.Release|Any CPU.ActiveCfg = Release|Any CPU
		{187016BB-A79D-4636-951B-46A4EB2D3689}.Release|Any CPU.Build.0 = Release|Any CPU
	EndGlobalSection
	GlobalSection(SolutionProperties) = preSolution
		HideSolutionNode = FALSE
	EndGlobalSection
	GlobalSection(ExtensibilityGlobals) = postSolution
		SolutionGuid = {0CFC2149-608F-44F1-AA20-D0A119DC0103}
	EndGlobalSection
EndGlobal
